
Microsoft Visual Studio Solution File, Format Version 12.00
# Visual Studio 15
VisualStudioVersion = 15.0.28307.539
MinimumVisualStudioVersion = 10.0.40219.1
Project("{FAE04EC0-301F-11D3-BF4B-00C04F79EFBC}") = "Learn-combining-WebAPI-with-MVC", "Learn-combining-WebAPI-with-MVC\Learn-combining-WebAPI-with-MVC.csproj", "{8E11A5EA-46E2-4591-B0B5-B5502C24F74B}"
EndProject
Global
	GlobalSection(SolutionConfigurationPlatforms) = preSolution
		Debug|Any CPU = Debug|Any CPU
		Release|Any CPU = Release|Any CPU
	EndGlobalSection
	GlobalSection(ProjectConfigurationPlatforms) = postSolution
		{8E11A5EA-46E2-4591-B0B5-B5502C24F74B}.Debug|Any CPU.ActiveCfg = Debug|Any CPU
		{8E11A5EA-46E2-4591-B0B5-B5502C24F74B}.Debug|Any CPU.Build.0 = Debug|Any CPU
		{8E11A5EA-46E2-4591-B0B5-B5502C24F74B}.Release|Any CPU.ActiveCfg = Release|Any CPU
		{8E11A5EA-46E2-4591-B0B5-B5502C24F74B}.Release|Any CPU.Build.0 = Release|Any CPU
	EndGlobalSection
	GlobalSection(SolutionProperties) = preSolution
		HideSolutionNode = FALSE
	EndGlobalSection
	GlobalSection(ExtensibilityGlobals) = postSolution
		SolutionGuid = {A5C6A338-69F2-4879-8D70-B7F83AF2AB1F}
	EndGlobalSection
EndGlobal
